
Microsoft Visual Studio Solution File, Format Version 12.00
# Visual Studio 14
VisualStudioVersion = 14.0.23107.0
MinimumVisualStudioVersion = 10.0.40219.1
Project("{2150E333-8FDC-42A3-9474-1A3956D46DE8}") = ".nuget", ".nuget", "{E543D06D-3CF8-4D60-B2D6-6DA36FC68E46}"
	ProjectSection(SolutionItems) = preProject
		.nuget\packages.config = .nuget\packages.config
	EndProjectSection
EndProject
Project("{FAE04EC0-301F-11D3-BF4B-00C04F79EFBC}") = "HedgeMark.Operations.Secure.DataModel", "HedgeMark.Operations.Secure.DataModel\HedgeMark.Operations.Secure.DataModel.csproj", "{87DDFAA9-89C6-411B-B1B8-2B451A3C605C}"
EndProject
Project("{FAE04EC0-301F-11D3-BF4B-00C04F79EFBC}") = "Commons", "Commons\Commons.csproj", "{61BE155B-657B-4611-8CEA-74B188CD1EE0}"
EndProject
Project("{FAE04EC0-301F-11D3-BF4B-00C04F79EFBC}") = "HMOSecureWeb", "HedgeMark.Operations.Secure.Web\HMOSecureWeb.csproj", "{D079B4D3-DE74-43D1-A057-81A04D771B89}"
EndProject
Project("{FAE04EC0-301F-11D3-BF4B-00C04F79EFBC}") = "HMOSecureMiddleware", "HedgeMark.Operations.Secure.Middleware\HMOSecureMiddleware.csproj", "{E16CB811-24A6-4439-A807-F52C209AFE35}"
EndProject
Project("{FAE04EC0-301F-11D3-BF4B-00C04F79EFBC}") = "HedgeMark.SwiftMessageHandler.Tests", "HedgeMark.Operations.Secure.Middleware.Tests\HedgeMark.SwiftMessageHandler.Tests.csproj", "{3409C45B-77B8-43A1-8BBE-A0B36EB5EDA4}"
EndProject
Project("{FAE04EC0-301F-11D3-BF4B-00C04F79EFBC}") = "HedgeMark.SwiftMessageHandler", "HedgeMark.SwiftMessageHandler\HedgeMark.SwiftMessageHandler.csproj", "{F4B70A85-B67C-412F-BCAD-22DB58E1110A}"
EndProject
Global
	GlobalSection(SolutionConfigurationPlatforms) = preSolution
		Local|Any CPU = Local|Any CPU
		Local|ARM = Local|ARM
		Local|x64 = Local|x64
		Local|x86 = Local|x86
		QA|Any CPU = QA|Any CPU
		QA|ARM = QA|ARM
		QA|x64 = QA|x64
		QA|x86 = QA|x86
	EndGlobalSection
	GlobalSection(ProjectConfigurationPlatforms) = postSolution
		{87DDFAA9-89C6-411B-B1B8-2B451A3C605C}.Local|Any CPU.ActiveCfg = Local|Any CPU
		{87DDFAA9-89C6-411B-B1B8-2B451A3C605C}.Local|Any CPU.Build.0 = Local|Any CPU
		{87DDFAA9-89C6-411B-B1B8-2B451A3C605C}.Local|ARM.ActiveCfg = Local|Any CPU
		{87DDFAA9-89C6-411B-B1B8-2B451A3C605C}.Local|ARM.Build.0 = Local|Any CPU
		{87DDFAA9-89C6-411B-B1B8-2B451A3C605C}.Local|x64.ActiveCfg = Local|Any CPU
		{87DDFAA9-89C6-411B-B1B8-2B451A3C605C}.Local|x64.Build.0 = Local|Any CPU
		{87DDFAA9-89C6-411B-B1B8-2B451A3C605C}.Local|x86.ActiveCfg = Local|Any CPU
		{87DDFAA9-89C6-411B-B1B8-2B451A3C605C}.Local|x86.Build.0 = Local|Any CPU
		{87DDFAA9-89C6-411B-B1B8-2B451A3C605C}.QA|Any CPU.ActiveCfg = QA|Any CPU
		{87DDFAA9-89C6-411B-B1B8-2B451A3C605C}.QA|Any CPU.Build.0 = QA|Any CPU
		{87DDFAA9-89C6-411B-B1B8-2B451A3C605C}.QA|ARM.ActiveCfg = QA|Any CPU
		{87DDFAA9-89C6-411B-B1B8-2B451A3C605C}.QA|ARM.Build.0 = QA|Any CPU
		{87DDFAA9-89C6-411B-B1B8-2B451A3C605C}.QA|x64.ActiveCfg = QA|Any CPU
		{87DDFAA9-89C6-411B-B1B8-2B451A3C605C}.QA|x64.Build.0 = QA|Any CPU
		{87DDFAA9-89C6-411B-B1B8-2B451A3C605C}.QA|x86.ActiveCfg = QA|Any CPU
		{87DDFAA9-89C6-411B-B1B8-2B451A3C605C}.QA|x86.Build.0 = QA|Any CPU
		{61BE155B-657B-4611-8CEA-74B188CD1EE0}.Local|Any CPU.ActiveCfg = Local|Any CPU
		{61BE155B-657B-4611-8CEA-74B188CD1EE0}.Local|Any CPU.Build.0 = Local|Any CPU
		{61BE155B-657B-4611-8CEA-74B188CD1EE0}.Local|ARM.ActiveCfg = Local|Any CPU
		{61BE155B-657B-4611-8CEA-74B188CD1EE0}.Local|ARM.Build.0 = Local|Any CPU
		{61BE155B-657B-4611-8CEA-74B188CD1EE0}.Local|x64.ActiveCfg = Local|Any CPU
		{61BE155B-657B-4611-8CEA-74B188CD1EE0}.Local|x64.Build.0 = Local|Any CPU
		{61BE155B-657B-4611-8CEA-74B188CD1EE0}.Local|x86.ActiveCfg = Local|Any CPU
		{61BE155B-657B-4611-8CEA-74B188CD1EE0}.Local|x86.Build.0 = Local|Any CPU
		{61BE155B-657B-4611-8CEA-74B188CD1EE0}.QA|Any CPU.ActiveCfg = QA|Any CPU
		{61BE155B-657B-4611-8CEA-74B188CD1EE0}.QA|Any CPU.Build.0 = QA|Any CPU
		{61BE155B-657B-4611-8CEA-74B188CD1EE0}.QA|ARM.ActiveCfg = QA|Any CPU
		{61BE155B-657B-4611-8CEA-74B188CD1EE0}.QA|ARM.Build.0 = QA|Any CPU
		{61BE155B-657B-4611-8CEA-74B188CD1EE0}.QA|x64.ActiveCfg = QA|Any CPU
		{61BE155B-657B-4611-8CEA-74B188CD1EE0}.QA|x64.Build.0 = QA|Any CPU
		{61BE155B-657B-4611-8CEA-74B188CD1EE0}.QA|x86.ActiveCfg = QA|Any CPU
		{61BE155B-657B-4611-8CEA-74B188CD1EE0}.QA|x86.Build.0 = QA|Any CPU
		{D079B4D3-DE74-43D1-A057-81A04D771B89}.Local|Any CPU.ActiveCfg = Local|Any CPU
		{D079B4D3-DE74-43D1-A057-81A04D771B89}.Local|Any CPU.Build.0 = Local|Any CPU
		{D079B4D3-DE74-43D1-A057-81A04D771B89}.Local|ARM.ActiveCfg = Local|Any CPU
		{D079B4D3-DE74-43D1-A057-81A04D771B89}.Local|ARM.Build.0 = Local|Any CPU
		{D079B4D3-DE74-43D1-A057-81A04D771B89}.Local|x64.ActiveCfg = Local|Any CPU
		{D079B4D3-DE74-43D1-A057-81A04D771B89}.Local|x64.Build.0 = Local|Any CPU
		{D079B4D3-DE74-43D1-A057-81A04D771B89}.Local|x86.ActiveCfg = Local|Any CPU
		{D079B4D3-DE74-43D1-A057-81A04D771B89}.Local|x86.Build.0 = Local|Any CPU
		{D079B4D3-DE74-43D1-A057-81A04D771B89}.QA|Any CPU.ActiveCfg = QA|Any CPU
		{D079B4D3-DE74-43D1-A057-81A04D771B89}.QA|Any CPU.Build.0 = QA|Any CPU
		{D079B4D3-DE74-43D1-A057-81A04D771B89}.QA|ARM.ActiveCfg = QA|Any CPU
		{D079B4D3-DE74-43D1-A057-81A04D771B89}.QA|ARM.Build.0 = QA|Any CPU
		{D079B4D3-DE74-43D1-A057-81A04D771B89}.QA|x64.ActiveCfg = QA|Any CPU
		{D079B4D3-DE74-43D1-A057-81A04D771B89}.QA|x64.Build.0 = QA|Any CPU
		{D079B4D3-DE74-43D1-A057-81A04D771B89}.QA|x86.ActiveCfg = QA|Any CPU
		{D079B4D3-DE74-43D1-A057-81A04D771B89}.QA|x86.Build.0 = QA|Any CPU
		{E16CB811-24A6-4439-A807-F52C209AFE35}.Local|Any CPU.ActiveCfg = Local|Any CPU
		{E16CB811-24A6-4439-A807-F52C209AFE35}.Local|Any CPU.Build.0 = Local|Any CPU
		{E16CB811-24A6-4439-A807-F52C209AFE35}.Local|ARM.ActiveCfg = Local|Any CPU
		{E16CB811-24A6-4439-A807-F52C209AFE35}.Local|ARM.Build.0 = Local|Any CPU
		{E16CB811-24A6-4439-A807-F52C209AFE35}.Local|x64.ActiveCfg = Local|Any CPU
		{E16CB811-24A6-4439-A807-F52C209AFE35}.Local|x64.Build.0 = Local|Any CPU
		{E16CB811-24A6-4439-A807-F52C209AFE35}.Local|x86.ActiveCfg = Local|Any CPU
		{E16CB811-24A6-4439-A807-F52C209AFE35}.Local|x86.Build.0 = Local|Any CPU
		{E16CB811-24A6-4439-A807-F52C209AFE35}.QA|Any CPU.ActiveCfg = QA|Any CPU
		{E16CB811-24A6-4439-A807-F52C209AFE35}.QA|Any CPU.Build.0 = QA|Any CPU
		{E16CB811-24A6-4439-A807-F52C209AFE35}.QA|ARM.ActiveCfg = QA|Any CPU
		{E16CB811-24A6-4439-A807-F52C209AFE35}.QA|ARM.Build.0 = QA|Any CPU
		{E16CB811-24A6-4439-A807-F52C209AFE35}.QA|x64.ActiveCfg = QA|Any CPU
		{E16CB811-24A6-4439-A807-F52C209AFE35}.QA|x64.Build.0 = QA|Any CPU
		{E16CB811-24A6-4439-A807-F52C209AFE35}.QA|x86.ActiveCfg = QA|Any CPU
		{E16CB811-24A6-4439-A807-F52C209AFE35}.QA|x86.Build.0 = QA|Any CPU
		{3409C45B-77B8-43A1-8BBE-A0B36EB5EDA4}.Local|Any CPU.ActiveCfg = Local|Any CPU
		{3409C45B-77B8-43A1-8BBE-A0B36EB5EDA4}.Local|Any CPU.Build.0 = Local|Any CPU
		{3409C45B-77B8-43A1-8BBE-A0B36EB5EDA4}.Local|ARM.ActiveCfg = Local|Any CPU
		{3409C45B-77B8-43A1-8BBE-A0B36EB5EDA4}.Local|ARM.Build.0 = Local|Any CPU
		{3409C45B-77B8-43A1-8BBE-A0B36EB5EDA4}.Local|x64.ActiveCfg = Local|Any CPU
		{3409C45B-77B8-43A1-8BBE-A0B36EB5EDA4}.Local|x64.Build.0 = Local|Any CPU
		{3409C45B-77B8-43A1-8BBE-A0B36EB5EDA4}.Local|x86.ActiveCfg = Local|Any CPU
		{3409C45B-77B8-43A1-8BBE-A0B36EB5EDA4}.Local|x86.Build.0 = Local|Any CPU
		{3409C45B-77B8-43A1-8BBE-A0B36EB5EDA4}.QA|Any CPU.ActiveCfg = QA|Any CPU
		{3409C45B-77B8-43A1-8BBE-A0B36EB5EDA4}.QA|Any CPU.Build.0 = QA|Any CPU
		{3409C45B-77B8-43A1-8BBE-A0B36EB5EDA4}.QA|ARM.ActiveCfg = QA|Any CPU
		{3409C45B-77B8-43A1-8BBE-A0B36EB5EDA4}.QA|ARM.Build.0 = QA|Any CPU
		{3409C45B-77B8-43A1-8BBE-A0B36EB5EDA4}.QA|x64.ActiveCfg = QA|Any CPU
		{3409C45B-77B8-43A1-8BBE-A0B36EB5EDA4}.QA|x64.Build.0 = QA|Any CPU
		{3409C45B-77B8-43A1-8BBE-A0B36EB5EDA4}.QA|x86.ActiveCfg = QA|Any CPU
		{3409C45B-77B8-43A1-8BBE-A0B36EB5EDA4}.QA|x86.Build.0 = QA|Any CPU
		{F4B70A85-B67C-412F-BCAD-22DB58E1110A}.Local|Any CPU.ActiveCfg = Local|Any CPU
		{F4B70A85-B67C-412F-BCAD-22DB58E1110A}.Local|Any CPU.Build.0 = Local|Any CPU
		{F4B70A85-B67C-412F-BCAD-22DB58E1110A}.Local|ARM.ActiveCfg = Local|Any CPU
		{F4B70A85-B67C-412F-BCAD-22DB58E1110A}.Local|ARM.Build.0 = Local|Any CPU
		{F4B70A85-B67C-412F-BCAD-22DB58E1110A}.Local|x64.ActiveCfg = Local|Any CPU
		{F4B70A85-B67C-412F-BCAD-22DB58E1110A}.Local|x64.Build.0 = Local|Any CPU
		{F4B70A85-B67C-412F-BCAD-22DB58E1110A}.Local|x86.ActiveCfg = Local|Any CPU
		{F4B70A85-B67C-412F-BCAD-22DB58E1110A}.Local|x86.Build.0 = Local|Any CPU
		{F4B70A85-B67C-412F-BCAD-22DB58E1110A}.QA|Any CPU.ActiveCfg = QA|Any CPU
		{F4B70A85-B67C-412F-BCAD-22DB58E1110A}.QA|Any CPU.Build.0 = QA|Any CPU
		{F4B70A85-B67C-412F-BCAD-22DB58E1110A}.QA|ARM.ActiveCfg = QA|Any CPU
		{F4B70A85-B67C-412F-BCAD-22DB58E1110A}.QA|ARM.Build.0 = QA|Any CPU
		{F4B70A85-B67C-412F-BCAD-22DB58E1110A}.QA|x64.ActiveCfg = QA|Any CPU
		{F4B70A85-B67C-412F-BCAD-22DB58E1110A}.QA|x64.Build.0 = QA|Any CPU
		{F4B70A85-B67C-412F-BCAD-22DB58E1110A}.QA|x86.ActiveCfg = QA|Any CPU
		{F4B70A85-B67C-412F-BCAD-22DB58E1110A}.QA|x86.Build.0 = QA|Any CPU
	EndGlobalSection
	GlobalSection(SolutionProperties) = preSolution
		HideSolutionNode = FALSE
	EndGlobalSection
EndGlobal
